
Microsoft Visual Studio Solution File, Format Version 12.00
# Visual Studio Version 17
VisualStudioVersion = 17.3.32819.101
MinimumVisualStudioVersion = 10.0.40219.1
Project("{9A19103F-16F7-4668-BE54-9A1E7A4F7556}") = "SerraLinhasAereas.Domain", "SerraLinhasAereas.Domain\SerraLinhasAereas.Domain.csproj", "{1D61B584-8F18-45AF-B70E-A4EA350C97CE}"
EndProject
Project("{9A19103F-16F7-4668-BE54-9A1E7A4F7556}") = "SerraLinhasAereas.Infra.Data", "SerraLinhasAereas.Infra.Data\SerraLinhasAereas.Infra.Data.csproj", "{17EFB5C7-813E-4618-B993-5A8E56088632}"
EndProject
Project("{9A19103F-16F7-4668-BE54-9A1E7A4F7556}") = "SerraLinhasAereas.WebAPI", "SerraLinhasAereas.WebAPI\SerraLinhasAereas.WebAPI.csproj", "{A4B5AA9F-11F5-4738-A23E-8A0FF444D6CA}"
EndProject
Global
	GlobalSection(SolutionConfigurationPlatforms) = preSolution
		Debug|Any CPU = Debug|Any CPU
		Release|Any CPU = Release|Any CPU
	EndGlobalSection
	GlobalSection(ProjectConfigurationPlatforms) = postSolution
		{1D61B584-8F18-45AF-B70E-A4EA350C97CE}.Debug|Any CPU.ActiveCfg = Debug|Any CPU
		{1D61B584-8F18-45AF-B70E-A4EA350C97CE}.Debug|Any CPU.Build.0 = Debug|Any CPU
		{1D61B584-8F18-45AF-B70E-A4EA350C97CE}.Release|Any CPU.ActiveCfg = Release|Any CPU
		{1D61B584-8F18-45AF-B70E-A4EA350C97CE}.Release|Any CPU.Build.0 = Release|Any CPU
		{17EFB5C7-813E-4618-B993-5A8E56088632}.Debug|Any CPU.ActiveCfg = Debug|Any CPU
		{17EFB5C7-813E-4618-B993-5A8E56088632}.Debug|Any CPU.Build.0 = Debug|Any CPU
		{17EFB5C7-813E-4618-B993-5A8E56088632}.Release|Any CPU.ActiveCfg = Release|Any CPU
		{17EFB5C7-813E-4618-B993-5A8E56088632}.Release|Any CPU.Build.0 = Release|Any CPU
		{A4B5AA9F-11F5-4738-A23E-8A0FF444D6CA}.Debug|Any CPU.ActiveCfg = Debug|Any CPU
		{A4B5AA9F-11F5-4738-A23E-8A0FF444D6CA}.Debug|Any CPU.Build.0 = Debug|Any CPU
		{A4B5AA9F-11F5-4738-A23E-8A0FF444D6CA}.Release|Any CPU.ActiveCfg = Release|Any CPU
		{A4B5AA9F-11F5-4738-A23E-8A0FF444D6CA}.Release|Any CPU.Build.0 = Release|Any CPU
	EndGlobalSection
	GlobalSection(SolutionProperties) = preSolution
		HideSolutionNode = FALSE
	EndGlobalSection
	GlobalSection(ExtensibilityGlobals) = postSolution
		SolutionGuid = {D8596A3E-34B3-4281-9B80-42CF843FFC78}
	EndGlobalSection
EndGlobal
